<?xml version="1.0" encoding="utf-8"?>
<Project ToolsVersion="4.0" xmlns="http://schemas.microsoft.com/developer/msbuild/2003">
  <ItemGroup>
    <ClCompile Include="Client.cpp" />
    <ClCompile Include="ClientInfo.cpp" />
    <ClCompile Include="PassU.cpp" />
    <ClCompile Include="PassUChildSocket.cpp" />
    <ClCompile Include="PassUClientSocket.cpp" />
    <ClCompile Include="PassUDlg.cpp" />
    <ClCompile Include="PassUServerSocket.cpp" />
    <ClCompile Include="Server.cpp" />
    <ClCompile Include="Splash.cpp" />
    <ClCompile Include="stdafx.cpp" />
  </ItemGroup>
  <ItemGroup>
    <ClInclude Include="Client.h" />
    <ClInclude Include="ClientInfo.h" />
    <ClInclude Include="packet.h" />
    <ClInclude Include="PassU.h" />
    <ClInclude Include="PassUChildSocket.h" />
    <ClInclude Include="PassUClientSocket.h" />
    <ClInclude Include="PassUDlg.h" />
    <ClInclude Include="PassUServerSocket.h" />
    <ClInclude Include="Resource.h" />
    <ClInclude Include="Server.h" />
    <ClInclude Include="Splash.h" />
    <ClInclude Include="stdafx.h" />
    <ClInclude Include="targetver.h" />
    <ClInclude Include="usbdesc.h" />
    <ClInclude Include="uvcdesc.h" />
    <ClInclude Include="uvcview.h" />
    <ClInclude Include="vndrlist.h" />
  </ItemGroup>
  <ItemGroup>
    <ResourceCompile Include="PassU.rc" />
  </ItemGroup>
  <ItemGroup>
    <Image Include="res\monitor.bmp" />
    <Image Include="res\passu.bmp" />
    <Image Include="res\PassU.ico" />
    <Image Include="res\phone.bmp" />
    <Image Include="res\splash.bmp" />
  </ItemGroup>
  <ItemGroup>
    <None Include="ClassDiagram.cd" />
    <None Include="res\PassU.rc2" />
    <None Include="res\trans.cur" />
  </ItemGroup>
  <ItemGroup>
    <Text Include="ReadMe.txt" />
  </ItemGroup>
</Project>