
Microsoft Visual Studio Solution File, Format Version 12.00
# Visual Studio 2012
Project("{8BC9CEB8-8B4A-11D0-8D11-00A0C91BC942}") = "TestServer", "TestServer\TestServer.vcxproj", "{EE1EC72B-150E-474C-8796-099AC552C8FC}"
EndProject
Global
	GlobalSection(SolutionConfigurationPlatforms) = preSolution
		Debug|Win32 = Debug|Win32
		Release|Win32 = Release|Win32
	EndGlobalSection
	GlobalSection(ProjectConfigurationPlatforms) = postSolution
		{EE1EC72B-150E-474C-8796-099AC552C8FC}.Debug|Win32.ActiveCfg = Release|Win32
		{EE1EC72B-150E-474C-8796-099AC552C8FC}.Debug|Win32.Build.0 = Release|Win32
		{EE1EC72B-150E-474C-8796-099AC552C8FC}.Release|Win32.ActiveCfg = Release|Win32
		{EE1EC72B-150E-474C-8796-099AC552C8FC}.Release|Win32.Build.0 = Release|Win32
	EndGlobalSection
	GlobalSection(SolutionProperties) = preSolution
		HideSolutionNode = FALSE
	EndGlobalSection
EndGlobal
