<?xml version="1.0" encoding="utf-8"?>
<Project ToolsVersion="4.0" xmlns="http://schemas.microsoft.com/developer/msbuild/2003">
  <ItemGroup>
    <Filter Include="소스 파일">
      <UniqueIdentifier>{4FC737F1-C7A5-4376-A066-2A32D752A2FF}</UniqueIdentifier>
      <Extensions>cpp;c;cc;cxx;def;odl;idl;hpj;bat;asm;asmx</Extensions>
    </Filter>
    <Filter Include="헤더 파일">
      <UniqueIdentifier>{93995380-89BD-4b04-88EB-625FBE52EBFB}</UniqueIdentifier>
      <Extensions>h;hpp;hxx;hm;inl;inc;xsd</Extensions>
    </Filter>
    <Filter Include="리소스 파일">
      <UniqueIdentifier>{67DA6AB6-F800-4c08-8B7A-83BB121AAD01}</UniqueIdentifier>
      <Extensions>rc;ico;cur;bmp;dlg;rc2;rct;bin;rgs;gif;jpg;jpeg;jpe;resx;tiff;tif;png;wav;mfcribbon-ms</Extensions>
    </Filter>
  </ItemGroup>
  <ItemGroup>
    <Text Include="ReadMe.txt" />
  </ItemGroup>
  <ItemGroup>
    <ClInclude Include="test.h">
      <Filter>헤더 파일</Filter>
    </ClInclude>
    <ClInclude Include="testDlg.h">
      <Filter>헤더 파일</Filter>
    </ClInclude>
    <ClInclude Include="stdafx.h">
      <Filter>헤더 파일</Filter>
    </ClInclude>
    <ClInclude Include="targetver.h">
      <Filter>헤더 파일</Filter>
    </ClInclude>
    <ClInclude Include="Resource.h">
      <Filter>헤더 파일</Filter>
    </ClInclude>
    <ClInclude Include="ServerConf.h">
      <Filter>헤더 파일</Filter>
    </ClInclude>
    <ClInclude Include="ClientConf.h">
      <Filter>헤더 파일</Filter>
    </ClInclude>
    <ClInclude Include="packet.h">
      <Filter>헤더 파일</Filter>
    </ClInclude>
    <ClInclude Include="MyListen.h">
      <Filter>헤더 파일</Filter>
    </ClInclude>
    <ClInclude Include="MySocket.h">
      <Filter>헤더 파일</Filter>
    </ClInclude>
    <ClInclude Include="MyThread.h">
      <Filter>헤더 파일</Filter>
    </ClInclude>
    <ClInclude Include="ClientSocket.h">
      <Filter>헤더 파일</Filter>
    </ClInclude>
    <ClInclude Include="USBIconDlg.h">
      <Filter>헤더 파일</Filter>
    </ClInclude>
  </ItemGroup>
  <ItemGroup>
    <ClCompile Include="test.cpp">
      <Filter>소스 파일</Filter>
    </ClCompile>
    <ClCompile Include="testDlg.cpp">
      <Filter>소스 파일</Filter>
    </ClCompile>
    <ClCompile Include="stdafx.cpp">
      <Filter>소스 파일</Filter>
    </ClCompile>
    <ClCompile Include="ServerConf.cpp">
      <Filter>소스 파일</Filter>
    </ClCompile>
    <ClCompile Include="ClientConf.cpp">
      <Filter>소스 파일</Filter>
    </ClCompile>
    <ClCompile Include="MyListen.cpp">
      <Filter>소스 파일</Filter>
    </ClCompile>
    <ClCompile Include="MySocket.cpp">
      <Filter>소스 파일</Filter>
    </ClCompile>
    <ClCompile Include="MyThread.cpp">
      <Filter>소스 파일</Filter>
    </ClCompile>
    <ClCompile Include="ClientSocket.cpp">
      <Filter>소스 파일</Filter>
    </ClCompile>
    <ClCompile Include="USBIconDlg.cpp">
      <Filter>소스 파일</Filter>
    </ClCompile>
  </ItemGroup>
  <ItemGroup>
    <ResourceCompile Include="test.rc">
      <Filter>리소스 파일</Filter>
    </ResourceCompile>
  </ItemGroup>
  <ItemGroup>
    <None Include="res\test.rc2">
      <Filter>리소스 파일</Filter>
    </None>
    <None Include="ClassDiagram.cd" />
  </ItemGroup>
  <ItemGroup>
    <Image Include="res\test.ico">
      <Filter>리소스 파일</Filter>
    </Image>
    <Image Include="res\monitor.bmp">
      <Filter>리소스 파일</Filter>
    </Image>
    <Image Include="res\phone.bmp">
      <Filter>리소스 파일</Filter>
    </Image>
    <Image Include="res\passu.bmp">
      <Filter>리소스 파일</Filter>
    </Image>
  </ItemGroup>
</Project>